{
  "name": "Website HO",
  "version": "1.0.0",
  "description": "Sitio web para HO Estibajes",
  "lockfileVersion": 3,
  "requires": true,
  "scripts": {
    "start": "node index.js",
    "test": "echo \"Error: no test specified\" && exit 1"
  },
  "packages": {},
  "dependencies": {
  "express": "^4.17.1",
  "jquery": "^3.6.0"
  },
  "devDependencies": {
    "nodemon": "^2.0.7"
  },
  "author": "HO Estibajes y Marítimos S.R.L.",
  "license": "MIT"
}

